
Microsoft Visual Studio Solution File, Format Version 12.00
# Visual Studio Version 17
VisualStudioVersion = 17.8.34316.72
MinimumVisualStudioVersion = 10.0.40219.1
Project("{FAE04EC0-301F-11D3-BF4B-00C04F79EFBC}") = "MVCDemo", "MVCDemo\MVCDemo.csproj", "{8D5D4F22-A068-42AC-8D46-6FBC9B6CB251}"
EndProject
Global
	GlobalSection(SolutionConfigurationPlatforms) = preSolution
		Debug|Any CPU = Debug|Any CPU
		Release|Any CPU = Release|Any CPU
	EndGlobalSection
	GlobalSection(ProjectConfigurationPlatforms) = postSolution
		{8D5D4F22-A068-42AC-8D46-6FBC9B6CB251}.Debug|Any CPU.ActiveCfg = Debug|Any CPU
		{8D5D4F22-A068-42AC-8D46-6FBC9B6CB251}.Debug|Any CPU.Build.0 = Debug|Any CPU
		{8D5D4F22-A068-42AC-8D46-6FBC9B6CB251}.Release|Any CPU.ActiveCfg = Release|Any CPU
		{8D5D4F22-A068-42AC-8D46-6FBC9B6CB251}.Release|Any CPU.Build.0 = Release|Any CPU
	EndGlobalSection
	GlobalSection(SolutionProperties) = preSolution
		HideSolutionNode = FALSE
	EndGlobalSection
	GlobalSection(ExtensibilityGlobals) = postSolution
		SolutionGuid = {EC115425-C76D-4931-B53C-BFA87C98B1DF}
	EndGlobalSection
EndGlobal
